
Microsoft Visual Studio Solution File, Format Version 12.00
# Visual Studio 2012
Project("{FAE04EC0-301F-11D3-BF4B-00C04F79EFBC}") = "LottieFormsSample", "LottieFormsSample\LottieFormsSample.csproj", "{42F04E62-F7BE-430E-95D1-224F7C7597E9}"
EndProject
Project("{FAE04EC0-301F-11D3-BF4B-00C04F79EFBC}") = "LottieFormsSample.iOS", "iOS\LottieFormsSample.iOS.csproj", "{E70309DA-626B-49E3-98CB-081A3DDF52D0}"
EndProject
Project("{FAE04EC0-301F-11D3-BF4B-00C04F79EFBC}") = "LottieFormsSample.Droid", "Droid\LottieFormsSample.Droid.csproj", "{4001DF70-FF0B-4801-ACE6-EB623EFF17AB}"
EndProject
Global
	GlobalSection(SolutionConfigurationPlatforms) = preSolution
		Debug|Any CPU = Debug|Any CPU
		Release|Any CPU = Release|Any CPU
		Debug|iPhoneSimulator = Debug|iPhoneSimulator
		Release|iPhone = Release|iPhone
		Release|iPhoneSimulator = Release|iPhoneSimulator
		Debug|iPhone = Debug|iPhone
	EndGlobalSection
	GlobalSection(ProjectConfigurationPlatforms) = postSolution
		{42F04E62-F7BE-430E-95D1-224F7C7597E9}.Debug|Any CPU.ActiveCfg = Debug|Any CPU
		{42F04E62-F7BE-430E-95D1-224F7C7597E9}.Debug|Any CPU.Build.0 = Debug|Any CPU
		{42F04E62-F7BE-430E-95D1-224F7C7597E9}.Release|Any CPU.ActiveCfg = Release|Any CPU
		{42F04E62-F7BE-430E-95D1-224F7C7597E9}.Release|Any CPU.Build.0 = Release|Any CPU
		{42F04E62-F7BE-430E-95D1-224F7C7597E9}.Debug|iPhoneSimulator.ActiveCfg = Debug|Any CPU
		{42F04E62-F7BE-430E-95D1-224F7C7597E9}.Debug|iPhoneSimulator.Build.0 = Debug|Any CPU
		{42F04E62-F7BE-430E-95D1-224F7C7597E9}.Release|iPhone.ActiveCfg = Release|Any CPU
		{42F04E62-F7BE-430E-95D1-224F7C7597E9}.Release|iPhone.Build.0 = Release|Any CPU
		{42F04E62-F7BE-430E-95D1-224F7C7597E9}.Release|iPhoneSimulator.ActiveCfg = Release|Any CPU
		{42F04E62-F7BE-430E-95D1-224F7C7597E9}.Release|iPhoneSimulator.Build.0 = Release|Any CPU
		{42F04E62-F7BE-430E-95D1-224F7C7597E9}.Debug|iPhone.ActiveCfg = Debug|Any CPU
		{42F04E62-F7BE-430E-95D1-224F7C7597E9}.Debug|iPhone.Build.0 = Debug|Any CPU
		{E70309DA-626B-49E3-98CB-081A3DDF52D0}.Debug|Any CPU.ActiveCfg = Debug|iPhoneSimulator
		{E70309DA-626B-49E3-98CB-081A3DDF52D0}.Debug|Any CPU.Build.0 = Debug|iPhoneSimulator
		{E70309DA-626B-49E3-98CB-081A3DDF52D0}.Release|Any CPU.ActiveCfg = Release|iPhone
		{E70309DA-626B-49E3-98CB-081A3DDF52D0}.Release|Any CPU.Build.0 = Release|iPhone
		{E70309DA-626B-49E3-98CB-081A3DDF52D0}.Debug|iPhoneSimulator.ActiveCfg = Debug|iPhoneSimulator
		{E70309DA-626B-49E3-98CB-081A3DDF52D0}.Debug|iPhoneSimulator.Build.0 = Debug|iPhoneSimulator
		{E70309DA-626B-49E3-98CB-081A3DDF52D0}.Release|iPhone.ActiveCfg = Release|iPhone
		{E70309DA-626B-49E3-98CB-081A3DDF52D0}.Release|iPhone.Build.0 = Release|iPhone
		{E70309DA-626B-49E3-98CB-081A3DDF52D0}.Release|iPhoneSimulator.ActiveCfg = Release|iPhoneSimulator
		{E70309DA-626B-49E3-98CB-081A3DDF52D0}.Release|iPhoneSimulator.Build.0 = Release|iPhoneSimulator
		{E70309DA-626B-49E3-98CB-081A3DDF52D0}.Debug|iPhone.ActiveCfg = Debug|iPhone
		{E70309DA-626B-49E3-98CB-081A3DDF52D0}.Debug|iPhone.Build.0 = Debug|iPhone
		{4001DF70-FF0B-4801-ACE6-EB623EFF17AB}.Debug|Any CPU.ActiveCfg = Debug|Any CPU
		{4001DF70-FF0B-4801-ACE6-EB623EFF17AB}.Debug|Any CPU.Build.0 = Debug|Any CPU
		{4001DF70-FF0B-4801-ACE6-EB623EFF17AB}.Release|Any CPU.ActiveCfg = Release|Any CPU
		{4001DF70-FF0B-4801-ACE6-EB623EFF17AB}.Release|Any CPU.Build.0 = Release|Any CPU
		{4001DF70-FF0B-4801-ACE6-EB623EFF17AB}.Debug|iPhoneSimulator.ActiveCfg = Debug|Any CPU
		{4001DF70-FF0B-4801-ACE6-EB623EFF17AB}.Debug|iPhoneSimulator.Build.0 = Debug|Any CPU
		{4001DF70-FF0B-4801-ACE6-EB623EFF17AB}.Release|iPhone.ActiveCfg = Release|Any CPU
		{4001DF70-FF0B-4801-ACE6-EB623EFF17AB}.Release|iPhone.Build.0 = Release|Any CPU
		{4001DF70-FF0B-4801-ACE6-EB623EFF17AB}.Release|iPhoneSimulator.ActiveCfg = Release|Any CPU
		{4001DF70-FF0B-4801-ACE6-EB623EFF17AB}.Release|iPhoneSimulator.Build.0 = Release|Any CPU
		{4001DF70-FF0B-4801-ACE6-EB623EFF17AB}.Debug|iPhone.ActiveCfg = Debug|Any CPU
		{4001DF70-FF0B-4801-ACE6-EB623EFF17AB}.Debug|iPhone.Build.0 = Debug|Any CPU
	EndGlobalSection
EndGlobal
